{
  "name": "kafka-hw",
  "version": "1.0.0",
  "lockfileVersion": 1,
  "requires": true,
  "dependencies": {
    "kafkajs": {
      "version": "2.2.1",
      "resolved": "https://registry.npmjs.org/kafkajs/-/kafkajs-2.2.1.tgz",
      "integrity": "sha512-f3a4TDeBx0TMIqAnSob64lE4oMOSFDjoycOHzyxISpOzPw5GT2AyX6ibfyUPpt5nTxwGkJSFRxPpidNTd/Uz9Q=="
    }
  }
}
